<Solution>
  <Folder Name="/patterns/" />
  <Folder Name="/patterns/CommandBehavior/" />
  <Folder Name="/patterns/CommandBehavior/src/">
    <Project Path="patterns/CommandBehavior/src/CommandBehavior.Core/CommandBehavior.Core.csproj" />
    <Project Path="patterns/CommandBehavior/src/CommandBehavior.Demo/CommandBehavior.Demo.csproj" />
  </Folder>
  <Folder Name="/patterns/CommandBehavior/tests/">
    <Project Path="patterns/CommandBehavior/tests/CommandBehavior.Core.Tests/CommandBehavior.Core.Tests.csproj" />
  </Folder>
  <Folder Name="/patterns/Messaging/" />
  <Folder Name="/patterns/Messaging/src/">
    <Project Path="patterns/Messaging/src/Messaging.Core/Messaging.Core.csproj" />
    <Project Path="patterns/Messaging/src/Messaging.Demo/Messaging.Demo.csproj" />
  </Folder>
  <Folder Name="/patterns/Messaging/tests/">
    <Project Path="patterns/Messaging/tests/Messaging.Core.Tests/Messaging.Core.Tests.csproj" />
  </Folder>
  <Folder Name="/patterns/Navigation/" />
  <Folder Name="/patterns/Navigation/src/">
    <Project Path="patterns/Navigation/src/Navigation.Core/Navigation.Core.csproj" />
    <Project Path="patterns/Navigation/src/Navigation.Demo/Navigation.Demo.csproj" />
  </Folder>
  <Folder Name="/patterns/Navigation/tests/">
    <Project Path="patterns/Navigation/tests/Navigation.Core.Tests/Navigation.Core.Tests.csproj" />
  </Folder>
  <Folder Name="/patterns/Validation/" />
  <Folder Name="/patterns/Validation/src/">
    <Project Path="patterns/Validation/src/Validation.Core/Validation.Core.csproj" />
    <Project Path="patterns/Validation/src/Validation.Demo/Validation.Demo.csproj" />
  </Folder>
  <Folder Name="/patterns/Validation/tests/">
    <Project Path="patterns/Validation/tests/Validation.Core.Tests/Validation.Core.Tests.csproj" />
  </Folder>
  <Folder Name="/patterns/DependencyInjection/" />
  <Folder Name="/patterns/DependencyInjection/src/">
    <Project Path="patterns/DependencyInjection/src/DependencyInjection.Core/DependencyInjection.Core.csproj" />
    <Project Path="patterns/DependencyInjection/src/DependencyInjection.Demo/DependencyInjection.Demo.csproj" />
  </Folder>
  <Folder Name="/patterns/DependencyInjection/tests/">
    <Project Path="patterns/DependencyInjection/tests/DependencyInjection.Core.Tests/DependencyInjection.Core.Tests.csproj" />
  </Folder>
  <Folder Name="/patterns/AppSettings/" />
  <Folder Name="/patterns/AppSettings/src/">
    <Project Path="patterns/AppSettings/src/AppSettings.Core/AppSettings.Core.csproj" />
    <Project Path="patterns/AppSettings/src/AppSettings.Demo/AppSettings.Demo.csproj" />
  </Folder>
  <Folder Name="/patterns/AppSettings/tests/">
    <Project Path="patterns/AppSettings/tests/AppSettings.Core.Tests/AppSettings.Core.Tests.csproj" />
  </Folder>
  <Folder Name="/patterns/RemoteData/" />
  <Folder Name="/patterns/RemoteData/src/">
    <Project Path="patterns/RemoteData/src/RemoteData.Core/RemoteData.Core.csproj" />
    <Project Path="patterns/RemoteData/src/RemoteData.Demo/RemoteData.Demo.csproj" />
  </Folder>
  <Folder Name="/patterns/RemoteData/tests/">
    <Project Path="patterns/RemoteData/tests/RemoteData.Core.Tests/RemoteData.Core.Tests.csproj" />
  </Folder>
  <Folder Name="/patterns/ContainerServices/" />
  <Folder Name="/patterns/ContainerServices/src/">
    <Project Path="patterns/ContainerServices/src/ContainerServices.Core/ContainerServices.Core.csproj" />
    <Project Path="patterns/ContainerServices/src/ContainerServices.Demo/ContainerServices.Demo.csproj" />
  </Folder>
  <Folder Name="/patterns/ContainerServices/tests/">
    <Project Path="patterns/ContainerServices/tests/ContainerServices.Core.Tests/ContainerServices.Core.Tests.csproj" />
  </Folder>
  <Folder Name="/patterns/Mvvm/" />
  <Folder Name="/patterns/Mvvm/src/">
    <Project Path="patterns/Mvvm/src/Mvvm.Core/Mvvm.Core.csproj" />
    <Project Path="patterns/Mvvm/src/Mvvm.Demo/Mvvm.Demo.csproj" />
  </Folder>
  <Folder Name="/patterns/Mvvm/tests/">
    <Project Path="patterns/Mvvm/tests/Mvvm.Core.Tests/Mvvm.Core.Tests.csproj" />
  </Folder>
</Solution>
